<?xml version="1.0" encoding="utf-8"?>
<Project ToolsVersion="4.0" xmlns="http://schemas.microsoft.com/developer/msbuild/2003">
  <ItemGroup>
    <Filter Include="TappyPlane.iOS">
      <UniqueIdentifier>{14285106-c95d-4e29-9a3e-f537bbdf2aae}</UniqueIdentifier>
    </Filter>
    <Filter Include="TappyPlane.iOS\Images.xcassets">
      <UniqueIdentifier>{3bba76eb-d80d-4e3c-8bb6-42b3ce07c1f6}</UniqueIdentifier>
      <Extensions>TappyPlane.iOS\Images.xcassets\*</Extensions>
    </Filter>
    <Filter Include="TappyPlane.iOS\Images.xcassets\AppIcon.appiconset">
      <UniqueIdentifier>{72000729-eafd-4545-ba5e-801b888ae49d}</UniqueIdentifier>
      <Extensions>TappyPlane.iOS\Images.xcassets\AppIcon.appiconset\*</Extensions>
    </Filter>
    <Filter Include="TappyPlane.iOS\Supporting Files">
      <UniqueIdentifier>{1cbadab7-8b69-48a2-bb0f-4b16fba3ce51}</UniqueIdentifier>
    </Filter>
    <Filter Include="TappyPlane.iOS\Supporting Files\assest">
      <UniqueIdentifier>{781b76fb-1d71-4f9d-ad2c-7386ff8fbcf9}</UniqueIdentifier>
    </Filter>
    <Filter Include="TappyPlane.iOS\Supporting Files\assest\images">
      <UniqueIdentifier>{f3809d16-d539-4dd6-a637-00f0cf23b235}</UniqueIdentifier>
      <Extensions>TappyPlane.iOS\assets\images\*</Extensions>
    </Filter>
    <Filter Include="TappyPlane.iOS\Supporting Files\assest\maps">
      <UniqueIdentifier>{a5f5bd49-f004-4dc3-b8d0-d73240365f09}</UniqueIdentifier>
      <Extensions>TappyPlane.iOS\assets\maps\*</Extensions>
    </Filter>
    <Filter Include="TappyPlane.iOS\Supporting Files\assest\objectfiles">
      <UniqueIdentifier>{03f05dd7-4fe7-4f61-b874-4d3fa835a60a}</UniqueIdentifier>
      <Extensions>TappyPlane.iOS\assets\objectfiles\*</Extensions>
    </Filter>
    <Filter Include="TappyPlane.iOS\Supporting Files\assest\sounds">
      <UniqueIdentifier>{8514dcbc-b3fb-432a-8429-1235bf75be56}</UniqueIdentifier>
      <Extensions>TappyPlane.iOS\assets\sounds\*</Extensions>
    </Filter>
  </ItemGroup>
  <ItemGroup>
    <ClCompile Include="TappyPlane.iOS\AppDelegate.mm">
      <Filter>TappyPlane.iOS</Filter>
    </ClCompile>
    <ClCompile Include="TappyPlane.iOS\GameViewController.mm">
      <Filter>TappyPlane.iOS</Filter>
    </ClCompile>
    <ClCompile Include="TappyPlane.iOS\ios_native_app_glue.cpp">
      <Filter>TappyPlane.iOS\Supporting Files</Filter>
    </ClCompile>
    <ClCompile Include="TappyPlane.iOS\main.mm">
      <Filter>TappyPlane.iOS\Supporting Files</Filter>
    </ClCompile>
    <ClInclude Include="TappyPlane.iOS\AppDelegate.h">
      <Filter>TappyPlane.iOS</Filter>
    </ClInclude>
    <ClInclude Include="TappyPlane.iOS\GameViewController.h">
      <Filter>TappyPlane.iOS</Filter>
    </ClInclude>
    <ClInclude Include="TappyPlane.iOS\ios_native_app_glue.h">
      <Filter>TappyPlane.iOS\Supporting Files</Filter>
    </ClInclude>
    <Content Include="TappyPlane.iOS\assets\images\background.png">
      <Filter>TappyPlane.iOS\Supporting Files\assest\images</Filter>
    </Content>
    <Content Include="TappyPlane.iOS\assets\images\olcpgemobilelogo.png">
      <Filter>TappyPlane.iOS\Supporting Files\assest\images</Filter>
    </Content>
    <Content Include="TappyPlane.iOS\assets\images\planes_spritesheet.png">
      <Filter>TappyPlane.iOS\Supporting Files\assest\images</Filter>
    </Content>
    <Content Include="TappyPlane.iOS\assets\images\planeyellow1.png">
      <Filter>TappyPlane.iOS\Supporting Files\assest\images</Filter>
    </Content>
    <Content Include="TappyPlane.iOS\assets\images\spritesheet.png">
      <Filter>TappyPlane.iOS\Supporting Files\assest\images</Filter>
    </Content>
    <Content Include="TappyPlane.iOS\assets\maps\example1.city">
      <Filter>TappyPlane.iOS\Supporting Files\assest\maps</Filter>
    </Content>
    <Content Include="TappyPlane.iOS\assets\maps\planes.xml">
      <Filter>TappyPlane.iOS\Supporting Files\assest\maps</Filter>
    </Content>
    <Content Include="TappyPlane.iOS\assets\maps\spritesheet.xml">
      <Filter>TappyPlane.iOS\Supporting Files\assest\maps</Filter>
    </Content>
    <Content Include="TappyPlane.iOS\assets\objectfiles\unitcube.obj">
      <Filter>TappyPlane.iOS\Supporting Files\assest\objectfiles</Filter>
    </Content>
    <Content Include="TappyPlane.iOS\assets\sounds\engineCircular_001.mp3">
      <Filter>TappyPlane.iOS\Supporting Files\assest\sounds</Filter>
    </Content>
    <Content Include="TappyPlane.iOS\assets\sounds\ItalianMom.mp3">
      <Filter>TappyPlane.iOS\Supporting Files\assest\sounds</Filter>
    </Content>
    <Content Include="TappyPlane.iOS\Base.lproj\Main.storyboard">
      <Filter>TappyPlane.iOS</Filter>
    </Content>
    <Content Include="TappyPlane.iOS\Images.xcassets\AppIcon.appiconset\Contents.json">
      <Filter>TappyPlane.iOS\Images.xcassets\AppIcon.appiconset</Filter>
    </Content>
    <InfoPlist Include="TappyPlane.iOS\Info.plist">
      <Filter>TappyPlane.iOS\Supporting Files\assest</Filter>
    </InfoPlist>
  </ItemGroup>
</Project>